
Microsoft Visual Studio Solution File, Format Version 12.00
# Visual Studio 15
VisualStudioVersion = 15.0.26430.15
MinimumVisualStudioVersion = 10.0.40219.1
Project("{9A19103F-16F7-4668-BE54-9A1E7A4F7556}") = "Memstate.Core", "Memstate.Core\Memstate.Core.csproj", "{56BAD584-FCA5-48BA-972F-828413A3A3D3}"
EndProject
Project("{9A19103F-16F7-4668-BE54-9A1E7A4F7556}") = "MemState.EventStore", "MemState.EventStore\MemState.EventStore.csproj", "{9F7315C3-CCC1-4C7D-BBD8-E1AA51388CE4}"
EndProject
Project("{9A19103F-16F7-4668-BE54-9A1E7A4F7556}") = "Memstate.JsonNet", "Memstate.JsonNet\Memstate.JsonNet.csproj", "{5E6F8072-FFB2-44A2-B824-C1900C538F3F}"
EndProject
Project("{9A19103F-16F7-4668-BE54-9A1E7A4F7556}") = "Memstate.Core.Tests", "Memstate.Core.Tests\Memstate.Core.Tests.csproj", "{462D0925-B77F-4FC6-8818-29E736767CDB}"
EndProject
Project("{FAE04EC0-301F-11D3-BF4B-00C04F79EFBC}") = "Memstate.EventStore.Test", "Memstate.EventStore.Test\Memstate.EventStore.Test.csproj", "{D40B3E65-05B7-4398-A5D9-A2AF87805C20}"
EndProject
Global
	GlobalSection(SolutionConfigurationPlatforms) = preSolution
		Debug|Any CPU = Debug|Any CPU
		Release|Any CPU = Release|Any CPU
	EndGlobalSection
	GlobalSection(ProjectConfigurationPlatforms) = postSolution
		{56BAD584-FCA5-48BA-972F-828413A3A3D3}.Debug|Any CPU.ActiveCfg = Debug|Any CPU
		{56BAD584-FCA5-48BA-972F-828413A3A3D3}.Debug|Any CPU.Build.0 = Debug|Any CPU
		{56BAD584-FCA5-48BA-972F-828413A3A3D3}.Release|Any CPU.ActiveCfg = Release|Any CPU
		{56BAD584-FCA5-48BA-972F-828413A3A3D3}.Release|Any CPU.Build.0 = Release|Any CPU
		{9F7315C3-CCC1-4C7D-BBD8-E1AA51388CE4}.Debug|Any CPU.ActiveCfg = Debug|Any CPU
		{9F7315C3-CCC1-4C7D-BBD8-E1AA51388CE4}.Debug|Any CPU.Build.0 = Debug|Any CPU
		{9F7315C3-CCC1-4C7D-BBD8-E1AA51388CE4}.Release|Any CPU.ActiveCfg = Release|Any CPU
		{9F7315C3-CCC1-4C7D-BBD8-E1AA51388CE4}.Release|Any CPU.Build.0 = Release|Any CPU
		{5E6F8072-FFB2-44A2-B824-C1900C538F3F}.Debug|Any CPU.ActiveCfg = Debug|Any CPU
		{5E6F8072-FFB2-44A2-B824-C1900C538F3F}.Debug|Any CPU.Build.0 = Debug|Any CPU
		{5E6F8072-FFB2-44A2-B824-C1900C538F3F}.Release|Any CPU.ActiveCfg = Release|Any CPU
		{5E6F8072-FFB2-44A2-B824-C1900C538F3F}.Release|Any CPU.Build.0 = Release|Any CPU
		{462D0925-B77F-4FC6-8818-29E736767CDB}.Debug|Any CPU.ActiveCfg = Debug|Any CPU
		{462D0925-B77F-4FC6-8818-29E736767CDB}.Debug|Any CPU.Build.0 = Debug|Any CPU
		{462D0925-B77F-4FC6-8818-29E736767CDB}.Release|Any CPU.ActiveCfg = Release|Any CPU
		{462D0925-B77F-4FC6-8818-29E736767CDB}.Release|Any CPU.Build.0 = Release|Any CPU
		{D40B3E65-05B7-4398-A5D9-A2AF87805C20}.Debug|Any CPU.ActiveCfg = Debug|Any CPU
		{D40B3E65-05B7-4398-A5D9-A2AF87805C20}.Debug|Any CPU.Build.0 = Debug|Any CPU
		{D40B3E65-05B7-4398-A5D9-A2AF87805C20}.Release|Any CPU.ActiveCfg = Release|Any CPU
		{D40B3E65-05B7-4398-A5D9-A2AF87805C20}.Release|Any CPU.Build.0 = Release|Any CPU
	EndGlobalSection
	GlobalSection(SolutionProperties) = preSolution
		HideSolutionNode = FALSE
	EndGlobalSection
EndGlobal
