
Microsoft Visual Studio Solution File, Format Version 12.00
# Visual Studio 15
VisualStudioVersion = 15.0.27130.2027
MinimumVisualStudioVersion = 10.0.40219.1
Project("{FAE04EC0-301F-11D3-BF4B-00C04F79EFBC}") = "Memstate.EventStore", "Memstate.EventStore\Memstate.EventStore.csproj", "{9F7315C3-CCC1-4C7D-BBD8-E1AA51388CE4}"
EndProject
Project("{FAE04EC0-301F-11D3-BF4B-00C04F79EFBC}") = "Memstate.JsonNet", "Memstate.JsonNet\Memstate.JsonNet.csproj", "{5E6F8072-FFB2-44A2-B824-C1900C538F3F}"
EndProject
Project("{FAE04EC0-301F-11D3-BF4B-00C04F79EFBC}") = "Memstate.Postgres", "Memstate.Postgresql\Memstate.Postgres.csproj", "{2C4D0AD4-D213-467F-A1E8-B48FE26A78FF}"
EndProject
Project("{FAE04EC0-301F-11D3-BF4B-00C04F79EFBC}") = "Memstate.Host", "Memstate.Host\Memstate.Host.csproj", "{6FB2441B-9638-4591-96C0-F181E339BFFB}"
EndProject
Project("{FAE04EC0-301F-11D3-BF4B-00C04F79EFBC}") = "Memstate.Test", "Memstate.Test\Memstate.Test.csproj", "{370CF2A7-3E4F-4314-BED9-043BF8555E2A}"
EndProject
Project("{2150E333-8FDC-42A3-9474-1A3956D46DE8}") = "Test", "Test", "{437BA763-466E-46D7-9AB9-E5AA3B697CA0}"
EndProject
Project("{FAE04EC0-301F-11D3-BF4B-00C04F79EFBC}") = "System.Test", "System.Test\System.Test.csproj", "{EFC78A26-AA12-45DD-815C-1D1BA0BE912F}"
EndProject
Project("{FAE04EC0-301F-11D3-BF4B-00C04F79EFBC}") = "Memstate.Postgres.Test", "Memstate.Postgresql.Tests\Memstate.Postgres.Test.csproj", "{9EBD979B-00EE-472B-9D7F-94E4E72C5202}"
EndProject
Project("{FAE04EC0-301F-11D3-BF4B-00C04F79EFBC}") = "Memstate.Benchmarks", "Memstate.Benchmarks\Memstate.Benchmarks.csproj", "{DC012469-986E-4953-9E95-BCCF7CD3745A}"
EndProject
Project("{2150E333-8FDC-42A3-9474-1A3956D46DE8}") = "Docs", "Docs", "{C51C66C9-3784-4C06-BAC5-EEE4B6684B69}"
EndProject
Project("{FAE04EC0-301F-11D3-BF4B-00C04F79EFBC}") = "Memstate.Docs.GettingStarted", "Memstate.Docs.GettingStarted\Memstate.Docs.GettingStarted.csproj", "{1C144C3F-B32E-419C-B432-8050EF122401}"
EndProject
Project("{2150E333-8FDC-42A3-9474-1A3956D46DE8}") = "Examples", "Examples", "{F9764AB9-8B67-4D1C-8CD8-CE87034B93CC}"
EndProject
Project("{FAE04EC0-301F-11D3-BF4B-00C04F79EFBC}") = "Memstate.Core", "Memstate.Core\Memstate.Core.csproj", "{8B94F51C-A931-41E6-88DD-EFBE17C8B235}"
EndProject
Project("{FAE04EC0-301F-11D3-BF4B-00C04F79EFBC}") = "Memstate.Wire", "Memstate.Wire\Memstate.Wire.csproj", "{1A3730D5-159B-40A0-91E2-D4345AEDF21B}"
EndProject
Project("{FAE04EC0-301F-11D3-BF4B-00C04F79EFBC}") = "Memstate.AppMetrics", "Memstate.AppMetrics\Memstate.AppMetrics.csproj", "{D5578C83-8679-4EA7-9525-4F55E49DDA2D}"
EndProject
Project("{FAE04EC0-301F-11D3-BF4B-00C04F79EFBC}") = "Memstate.Runner", "Memstate.Runner\Memstate.Runner.csproj", "{59457968-F597-401C-BCAD-23E1DDDAFD9B}"
EndProject
Project("{FAE04EC0-301F-11D3-BF4B-00C04F79EFBC}") = "Memstate.All", "Memstate.All\Memstate.All.csproj", "{2A191739-1DD8-4CE8-8C63-F3AE94D3D0AC}"
EndProject
Project("{FAE04EC0-301F-11D3-BF4B-00C04F79EFBC}") = "Memstate.SqlStreamStore", "Memstate.SqlStreamStore\Memstate.SqlStreamStore.csproj", "{734C5486-06BC-4E7C-9B53-D7F3A7DEBA37}"
EndProject
Project("{FAE04EC0-301F-11D3-BF4B-00C04F79EFBC}") = "Trello.Core", "Trello.Core\Trello.Core.csproj", "{6BA8DDF2-098D-449A-B818-B8E7E098775C}"
EndProject
Project("{FAE04EC0-301F-11D3-BF4B-00C04F79EFBC}") = "Trello.Test", "Trello.Test\Trello.Test.csproj", "{E769EAA1-54BC-4717-91B6-0CF36019D26A}"
EndProject
Project("{FAE04EC0-301F-11D3-BF4B-00C04F79EFBC}") = "Trello.Web", "Trello.Web\Trello.Web.csproj", "{ABDF807A-F0F2-4A54-A43E-DAA4F2A059C3}"
EndProject
Project("{FAE04EC0-301F-11D3-BF4B-00C04F79EFBC}") = "Memstate.Pravega", "Memstate.Pravega\Memstate.Pravega.csproj", "{EA906A46-9A51-4D92-91B3-50DB338EDE38}"
EndProject
Project("{FAE04EC0-301F-11D3-BF4B-00C04F79EFBC}") = "Memstate.Azure", "Memstate.Azure\Memstate.Azure.csproj", "{CC028670-9309-401B-B8F8-5C8F84894529}"
EndProject
Global
	GlobalSection(SolutionConfigurationPlatforms) = preSolution
		Debug|Any CPU = Debug|Any CPU
		Debug|x64 = Debug|x64
		Release|Any CPU = Release|Any CPU
		Release|x64 = Release|x64
		Test|Any CPU = Test|Any CPU
	EndGlobalSection
	GlobalSection(ProjectConfigurationPlatforms) = postSolution
		{9F7315C3-CCC1-4C7D-BBD8-E1AA51388CE4}.Debug|Any CPU.ActiveCfg = Debug|Any CPU
		{9F7315C3-CCC1-4C7D-BBD8-E1AA51388CE4}.Debug|Any CPU.Build.0 = Debug|Any CPU
		{9F7315C3-CCC1-4C7D-BBD8-E1AA51388CE4}.Debug|x64.ActiveCfg = Debug|Any CPU
		{9F7315C3-CCC1-4C7D-BBD8-E1AA51388CE4}.Debug|x64.Build.0 = Debug|Any CPU
		{9F7315C3-CCC1-4C7D-BBD8-E1AA51388CE4}.Release|Any CPU.ActiveCfg = Release|Any CPU
		{9F7315C3-CCC1-4C7D-BBD8-E1AA51388CE4}.Release|Any CPU.Build.0 = Release|Any CPU
		{9F7315C3-CCC1-4C7D-BBD8-E1AA51388CE4}.Release|x64.ActiveCfg = Release|Any CPU
		{9F7315C3-CCC1-4C7D-BBD8-E1AA51388CE4}.Release|x64.Build.0 = Release|Any CPU
		{9F7315C3-CCC1-4C7D-BBD8-E1AA51388CE4}.Test|Any CPU.ActiveCfg = Test|Any CPU
		{9F7315C3-CCC1-4C7D-BBD8-E1AA51388CE4}.Test|Any CPU.Build.0 = Test|Any CPU
		{5E6F8072-FFB2-44A2-B824-C1900C538F3F}.Debug|Any CPU.ActiveCfg = Debug|Any CPU
		{5E6F8072-FFB2-44A2-B824-C1900C538F3F}.Debug|Any CPU.Build.0 = Debug|Any CPU
		{5E6F8072-FFB2-44A2-B824-C1900C538F3F}.Debug|x64.ActiveCfg = Debug|Any CPU
		{5E6F8072-FFB2-44A2-B824-C1900C538F3F}.Debug|x64.Build.0 = Debug|Any CPU
		{5E6F8072-FFB2-44A2-B824-C1900C538F3F}.Release|Any CPU.ActiveCfg = Release|Any CPU
		{5E6F8072-FFB2-44A2-B824-C1900C538F3F}.Release|Any CPU.Build.0 = Release|Any CPU
		{5E6F8072-FFB2-44A2-B824-C1900C538F3F}.Release|x64.ActiveCfg = Release|Any CPU
		{5E6F8072-FFB2-44A2-B824-C1900C538F3F}.Release|x64.Build.0 = Release|Any CPU
		{5E6F8072-FFB2-44A2-B824-C1900C538F3F}.Test|Any CPU.ActiveCfg = Test|Any CPU
		{5E6F8072-FFB2-44A2-B824-C1900C538F3F}.Test|Any CPU.Build.0 = Test|Any CPU
		{2C4D0AD4-D213-467F-A1E8-B48FE26A78FF}.Debug|Any CPU.ActiveCfg = Debug|Any CPU
		{2C4D0AD4-D213-467F-A1E8-B48FE26A78FF}.Debug|Any CPU.Build.0 = Debug|Any CPU
		{2C4D0AD4-D213-467F-A1E8-B48FE26A78FF}.Debug|x64.ActiveCfg = Debug|Any CPU
		{2C4D0AD4-D213-467F-A1E8-B48FE26A78FF}.Debug|x64.Build.0 = Debug|Any CPU
		{2C4D0AD4-D213-467F-A1E8-B48FE26A78FF}.Release|Any CPU.ActiveCfg = Release|Any CPU
		{2C4D0AD4-D213-467F-A1E8-B48FE26A78FF}.Release|Any CPU.Build.0 = Release|Any CPU
		{2C4D0AD4-D213-467F-A1E8-B48FE26A78FF}.Release|x64.ActiveCfg = Release|Any CPU
		{2C4D0AD4-D213-467F-A1E8-B48FE26A78FF}.Release|x64.Build.0 = Release|Any CPU
		{2C4D0AD4-D213-467F-A1E8-B48FE26A78FF}.Test|Any CPU.ActiveCfg = Test|Any CPU
		{2C4D0AD4-D213-467F-A1E8-B48FE26A78FF}.Test|Any CPU.Build.0 = Test|Any CPU
		{6FB2441B-9638-4591-96C0-F181E339BFFB}.Debug|Any CPU.ActiveCfg = Debug|Any CPU
		{6FB2441B-9638-4591-96C0-F181E339BFFB}.Debug|Any CPU.Build.0 = Debug|Any CPU
		{6FB2441B-9638-4591-96C0-F181E339BFFB}.Debug|x64.ActiveCfg = Debug|Any CPU
		{6FB2441B-9638-4591-96C0-F181E339BFFB}.Debug|x64.Build.0 = Debug|Any CPU
		{6FB2441B-9638-4591-96C0-F181E339BFFB}.Release|Any CPU.ActiveCfg = Release|Any CPU
		{6FB2441B-9638-4591-96C0-F181E339BFFB}.Release|Any CPU.Build.0 = Release|Any CPU
		{6FB2441B-9638-4591-96C0-F181E339BFFB}.Release|x64.ActiveCfg = Release|Any CPU
		{6FB2441B-9638-4591-96C0-F181E339BFFB}.Release|x64.Build.0 = Release|Any CPU
		{6FB2441B-9638-4591-96C0-F181E339BFFB}.Test|Any CPU.ActiveCfg = Test|Any CPU
		{6FB2441B-9638-4591-96C0-F181E339BFFB}.Test|Any CPU.Build.0 = Test|Any CPU
		{370CF2A7-3E4F-4314-BED9-043BF8555E2A}.Debug|Any CPU.ActiveCfg = Debug|Any CPU
		{370CF2A7-3E4F-4314-BED9-043BF8555E2A}.Debug|Any CPU.Build.0 = Debug|Any CPU
		{370CF2A7-3E4F-4314-BED9-043BF8555E2A}.Debug|x64.ActiveCfg = Debug|Any CPU
		{370CF2A7-3E4F-4314-BED9-043BF8555E2A}.Debug|x64.Build.0 = Debug|Any CPU
		{370CF2A7-3E4F-4314-BED9-043BF8555E2A}.Release|Any CPU.ActiveCfg = Release|Any CPU
		{370CF2A7-3E4F-4314-BED9-043BF8555E2A}.Release|Any CPU.Build.0 = Release|Any CPU
		{370CF2A7-3E4F-4314-BED9-043BF8555E2A}.Release|x64.ActiveCfg = Release|Any CPU
		{370CF2A7-3E4F-4314-BED9-043BF8555E2A}.Release|x64.Build.0 = Release|Any CPU
		{370CF2A7-3E4F-4314-BED9-043BF8555E2A}.Test|Any CPU.ActiveCfg = Test|Any CPU
		{370CF2A7-3E4F-4314-BED9-043BF8555E2A}.Test|Any CPU.Build.0 = Test|Any CPU
		{EFC78A26-AA12-45DD-815C-1D1BA0BE912F}.Debug|Any CPU.ActiveCfg = Debug|Any CPU
		{EFC78A26-AA12-45DD-815C-1D1BA0BE912F}.Debug|Any CPU.Build.0 = Debug|Any CPU
		{EFC78A26-AA12-45DD-815C-1D1BA0BE912F}.Debug|x64.ActiveCfg = Debug|Any CPU
		{EFC78A26-AA12-45DD-815C-1D1BA0BE912F}.Debug|x64.Build.0 = Debug|Any CPU
		{EFC78A26-AA12-45DD-815C-1D1BA0BE912F}.Release|Any CPU.ActiveCfg = Release|Any CPU
		{EFC78A26-AA12-45DD-815C-1D1BA0BE912F}.Release|Any CPU.Build.0 = Release|Any CPU
		{EFC78A26-AA12-45DD-815C-1D1BA0BE912F}.Release|x64.ActiveCfg = Release|Any CPU
		{EFC78A26-AA12-45DD-815C-1D1BA0BE912F}.Release|x64.Build.0 = Release|Any CPU
		{EFC78A26-AA12-45DD-815C-1D1BA0BE912F}.Test|Any CPU.ActiveCfg = Test|Any CPU
		{EFC78A26-AA12-45DD-815C-1D1BA0BE912F}.Test|Any CPU.Build.0 = Test|Any CPU
		{9EBD979B-00EE-472B-9D7F-94E4E72C5202}.Debug|Any CPU.ActiveCfg = Debug|Any CPU
		{9EBD979B-00EE-472B-9D7F-94E4E72C5202}.Debug|Any CPU.Build.0 = Debug|Any CPU
		{9EBD979B-00EE-472B-9D7F-94E4E72C5202}.Debug|x64.ActiveCfg = Debug|Any CPU
		{9EBD979B-00EE-472B-9D7F-94E4E72C5202}.Debug|x64.Build.0 = Debug|Any CPU
		{9EBD979B-00EE-472B-9D7F-94E4E72C5202}.Release|Any CPU.ActiveCfg = Release|Any CPU
		{9EBD979B-00EE-472B-9D7F-94E4E72C5202}.Release|Any CPU.Build.0 = Release|Any CPU
		{9EBD979B-00EE-472B-9D7F-94E4E72C5202}.Release|x64.ActiveCfg = Release|Any CPU
		{9EBD979B-00EE-472B-9D7F-94E4E72C5202}.Release|x64.Build.0 = Release|Any CPU
		{9EBD979B-00EE-472B-9D7F-94E4E72C5202}.Test|Any CPU.ActiveCfg = Test|Any CPU
		{9EBD979B-00EE-472B-9D7F-94E4E72C5202}.Test|Any CPU.Build.0 = Test|Any CPU
		{DC012469-986E-4953-9E95-BCCF7CD3745A}.Debug|Any CPU.ActiveCfg = Debug|Any CPU
		{DC012469-986E-4953-9E95-BCCF7CD3745A}.Debug|Any CPU.Build.0 = Debug|Any CPU
		{DC012469-986E-4953-9E95-BCCF7CD3745A}.Debug|x64.ActiveCfg = Debug|Any CPU
		{DC012469-986E-4953-9E95-BCCF7CD3745A}.Debug|x64.Build.0 = Debug|Any CPU
		{DC012469-986E-4953-9E95-BCCF7CD3745A}.Release|Any CPU.ActiveCfg = Release|Any CPU
		{DC012469-986E-4953-9E95-BCCF7CD3745A}.Release|Any CPU.Build.0 = Release|Any CPU
		{DC012469-986E-4953-9E95-BCCF7CD3745A}.Release|x64.ActiveCfg = Release|Any CPU
		{DC012469-986E-4953-9E95-BCCF7CD3745A}.Release|x64.Build.0 = Release|Any CPU
		{DC012469-986E-4953-9E95-BCCF7CD3745A}.Test|Any CPU.ActiveCfg = Test|Any CPU
		{DC012469-986E-4953-9E95-BCCF7CD3745A}.Test|Any CPU.Build.0 = Test|Any CPU
		{1C144C3F-B32E-419C-B432-8050EF122401}.Debug|Any CPU.ActiveCfg = Debug|Any CPU
		{1C144C3F-B32E-419C-B432-8050EF122401}.Debug|Any CPU.Build.0 = Debug|Any CPU
		{1C144C3F-B32E-419C-B432-8050EF122401}.Debug|x64.ActiveCfg = Debug|Any CPU
		{1C144C3F-B32E-419C-B432-8050EF122401}.Debug|x64.Build.0 = Debug|Any CPU
		{1C144C3F-B32E-419C-B432-8050EF122401}.Release|Any CPU.ActiveCfg = Release|Any CPU
		{1C144C3F-B32E-419C-B432-8050EF122401}.Release|Any CPU.Build.0 = Release|Any CPU
		{1C144C3F-B32E-419C-B432-8050EF122401}.Release|x64.ActiveCfg = Release|Any CPU
		{1C144C3F-B32E-419C-B432-8050EF122401}.Release|x64.Build.0 = Release|Any CPU
		{1C144C3F-B32E-419C-B432-8050EF122401}.Test|Any CPU.ActiveCfg = Test|Any CPU
		{1C144C3F-B32E-419C-B432-8050EF122401}.Test|Any CPU.Build.0 = Test|Any CPU
		{8B94F51C-A931-41E6-88DD-EFBE17C8B235}.Debug|Any CPU.ActiveCfg = Debug|Any CPU
		{8B94F51C-A931-41E6-88DD-EFBE17C8B235}.Debug|Any CPU.Build.0 = Debug|Any CPU
		{8B94F51C-A931-41E6-88DD-EFBE17C8B235}.Debug|x64.ActiveCfg = Debug|x64
		{8B94F51C-A931-41E6-88DD-EFBE17C8B235}.Debug|x64.Build.0 = Debug|x64
		{8B94F51C-A931-41E6-88DD-EFBE17C8B235}.Release|Any CPU.ActiveCfg = Release|Any CPU
		{8B94F51C-A931-41E6-88DD-EFBE17C8B235}.Release|Any CPU.Build.0 = Release|Any CPU
		{8B94F51C-A931-41E6-88DD-EFBE17C8B235}.Release|x64.ActiveCfg = Release|x64
		{8B94F51C-A931-41E6-88DD-EFBE17C8B235}.Release|x64.Build.0 = Release|x64
		{8B94F51C-A931-41E6-88DD-EFBE17C8B235}.Test|Any CPU.ActiveCfg = Test|Any CPU
		{8B94F51C-A931-41E6-88DD-EFBE17C8B235}.Test|Any CPU.Build.0 = Test|Any CPU
		{1A3730D5-159B-40A0-91E2-D4345AEDF21B}.Debug|Any CPU.ActiveCfg = Debug|Any CPU
		{1A3730D5-159B-40A0-91E2-D4345AEDF21B}.Debug|Any CPU.Build.0 = Debug|Any CPU
		{1A3730D5-159B-40A0-91E2-D4345AEDF21B}.Debug|x64.ActiveCfg = Debug|Any CPU
		{1A3730D5-159B-40A0-91E2-D4345AEDF21B}.Debug|x64.Build.0 = Debug|Any CPU
		{1A3730D5-159B-40A0-91E2-D4345AEDF21B}.Release|Any CPU.ActiveCfg = Release|Any CPU
		{1A3730D5-159B-40A0-91E2-D4345AEDF21B}.Release|Any CPU.Build.0 = Release|Any CPU
		{1A3730D5-159B-40A0-91E2-D4345AEDF21B}.Release|x64.ActiveCfg = Release|Any CPU
		{1A3730D5-159B-40A0-91E2-D4345AEDF21B}.Release|x64.Build.0 = Release|Any CPU
		{1A3730D5-159B-40A0-91E2-D4345AEDF21B}.Test|Any CPU.ActiveCfg = Test|Any CPU
		{1A3730D5-159B-40A0-91E2-D4345AEDF21B}.Test|Any CPU.Build.0 = Test|Any CPU
		{D5578C83-8679-4EA7-9525-4F55E49DDA2D}.Debug|Any CPU.ActiveCfg = Debug|Any CPU
		{D5578C83-8679-4EA7-9525-4F55E49DDA2D}.Debug|Any CPU.Build.0 = Debug|Any CPU
		{D5578C83-8679-4EA7-9525-4F55E49DDA2D}.Debug|x64.ActiveCfg = Debug|Any CPU
		{D5578C83-8679-4EA7-9525-4F55E49DDA2D}.Debug|x64.Build.0 = Debug|Any CPU
		{D5578C83-8679-4EA7-9525-4F55E49DDA2D}.Release|Any CPU.ActiveCfg = Release|Any CPU
		{D5578C83-8679-4EA7-9525-4F55E49DDA2D}.Release|Any CPU.Build.0 = Release|Any CPU
		{D5578C83-8679-4EA7-9525-4F55E49DDA2D}.Release|x64.ActiveCfg = Release|Any CPU
		{D5578C83-8679-4EA7-9525-4F55E49DDA2D}.Release|x64.Build.0 = Release|Any CPU
		{D5578C83-8679-4EA7-9525-4F55E49DDA2D}.Test|Any CPU.ActiveCfg = Test|Any CPU
		{D5578C83-8679-4EA7-9525-4F55E49DDA2D}.Test|Any CPU.Build.0 = Test|Any CPU
		{59457968-F597-401C-BCAD-23E1DDDAFD9B}.Debug|Any CPU.ActiveCfg = Debug|Any CPU
		{59457968-F597-401C-BCAD-23E1DDDAFD9B}.Debug|Any CPU.Build.0 = Debug|Any CPU
		{59457968-F597-401C-BCAD-23E1DDDAFD9B}.Debug|x64.ActiveCfg = Debug|Any CPU
		{59457968-F597-401C-BCAD-23E1DDDAFD9B}.Debug|x64.Build.0 = Debug|Any CPU
		{59457968-F597-401C-BCAD-23E1DDDAFD9B}.Release|Any CPU.ActiveCfg = Release|Any CPU
		{59457968-F597-401C-BCAD-23E1DDDAFD9B}.Release|Any CPU.Build.0 = Release|Any CPU
		{59457968-F597-401C-BCAD-23E1DDDAFD9B}.Release|x64.ActiveCfg = Release|Any CPU
		{59457968-F597-401C-BCAD-23E1DDDAFD9B}.Release|x64.Build.0 = Release|Any CPU
		{59457968-F597-401C-BCAD-23E1DDDAFD9B}.Test|Any CPU.ActiveCfg = Test|Any CPU
		{59457968-F597-401C-BCAD-23E1DDDAFD9B}.Test|Any CPU.Build.0 = Test|Any CPU
		{2A191739-1DD8-4CE8-8C63-F3AE94D3D0AC}.Debug|Any CPU.ActiveCfg = Debug|Any CPU
		{2A191739-1DD8-4CE8-8C63-F3AE94D3D0AC}.Debug|Any CPU.Build.0 = Debug|Any CPU
		{2A191739-1DD8-4CE8-8C63-F3AE94D3D0AC}.Debug|x64.ActiveCfg = Debug|Any CPU
		{2A191739-1DD8-4CE8-8C63-F3AE94D3D0AC}.Debug|x64.Build.0 = Debug|Any CPU
		{2A191739-1DD8-4CE8-8C63-F3AE94D3D0AC}.Release|Any CPU.ActiveCfg = Release|Any CPU
		{2A191739-1DD8-4CE8-8C63-F3AE94D3D0AC}.Release|Any CPU.Build.0 = Release|Any CPU
		{2A191739-1DD8-4CE8-8C63-F3AE94D3D0AC}.Release|x64.ActiveCfg = Release|Any CPU
		{2A191739-1DD8-4CE8-8C63-F3AE94D3D0AC}.Release|x64.Build.0 = Release|Any CPU
		{2A191739-1DD8-4CE8-8C63-F3AE94D3D0AC}.Test|Any CPU.ActiveCfg = Test|Any CPU
		{2A191739-1DD8-4CE8-8C63-F3AE94D3D0AC}.Test|Any CPU.Build.0 = Test|Any CPU
		{734C5486-06BC-4E7C-9B53-D7F3A7DEBA37}.Debug|Any CPU.ActiveCfg = Debug|Any CPU
		{734C5486-06BC-4E7C-9B53-D7F3A7DEBA37}.Debug|Any CPU.Build.0 = Debug|Any CPU
		{734C5486-06BC-4E7C-9B53-D7F3A7DEBA37}.Debug|x64.ActiveCfg = Debug|Any CPU
		{734C5486-06BC-4E7C-9B53-D7F3A7DEBA37}.Debug|x64.Build.0 = Debug|Any CPU
		{734C5486-06BC-4E7C-9B53-D7F3A7DEBA37}.Release|Any CPU.ActiveCfg = Release|Any CPU
		{734C5486-06BC-4E7C-9B53-D7F3A7DEBA37}.Release|Any CPU.Build.0 = Release|Any CPU
		{734C5486-06BC-4E7C-9B53-D7F3A7DEBA37}.Release|x64.ActiveCfg = Release|Any CPU
		{734C5486-06BC-4E7C-9B53-D7F3A7DEBA37}.Release|x64.Build.0 = Release|Any CPU
		{734C5486-06BC-4E7C-9B53-D7F3A7DEBA37}.Test|Any CPU.ActiveCfg = Test|Any CPU
		{734C5486-06BC-4E7C-9B53-D7F3A7DEBA37}.Test|Any CPU.Build.0 = Test|Any CPU
		{6BA8DDF2-098D-449A-B818-B8E7E098775C}.Debug|Any CPU.ActiveCfg = Debug|Any CPU
		{6BA8DDF2-098D-449A-B818-B8E7E098775C}.Debug|Any CPU.Build.0 = Debug|Any CPU
		{6BA8DDF2-098D-449A-B818-B8E7E098775C}.Debug|x64.ActiveCfg = Debug|Any CPU
		{6BA8DDF2-098D-449A-B818-B8E7E098775C}.Debug|x64.Build.0 = Debug|Any CPU
		{6BA8DDF2-098D-449A-B818-B8E7E098775C}.Release|Any CPU.ActiveCfg = Release|Any CPU
		{6BA8DDF2-098D-449A-B818-B8E7E098775C}.Release|Any CPU.Build.0 = Release|Any CPU
		{6BA8DDF2-098D-449A-B818-B8E7E098775C}.Release|x64.ActiveCfg = Release|Any CPU
		{6BA8DDF2-098D-449A-B818-B8E7E098775C}.Release|x64.Build.0 = Release|Any CPU
		{6BA8DDF2-098D-449A-B818-B8E7E098775C}.Test|Any CPU.ActiveCfg = Test|Any CPU
		{6BA8DDF2-098D-449A-B818-B8E7E098775C}.Test|Any CPU.Build.0 = Test|Any CPU
		{E769EAA1-54BC-4717-91B6-0CF36019D26A}.Debug|Any CPU.ActiveCfg = Debug|Any CPU
		{E769EAA1-54BC-4717-91B6-0CF36019D26A}.Debug|Any CPU.Build.0 = Debug|Any CPU
		{E769EAA1-54BC-4717-91B6-0CF36019D26A}.Debug|x64.ActiveCfg = Debug|Any CPU
		{E769EAA1-54BC-4717-91B6-0CF36019D26A}.Debug|x64.Build.0 = Debug|Any CPU
		{E769EAA1-54BC-4717-91B6-0CF36019D26A}.Release|Any CPU.ActiveCfg = Release|Any CPU
		{E769EAA1-54BC-4717-91B6-0CF36019D26A}.Release|Any CPU.Build.0 = Release|Any CPU
		{E769EAA1-54BC-4717-91B6-0CF36019D26A}.Release|x64.ActiveCfg = Release|Any CPU
		{E769EAA1-54BC-4717-91B6-0CF36019D26A}.Release|x64.Build.0 = Release|Any CPU
		{E769EAA1-54BC-4717-91B6-0CF36019D26A}.Test|Any CPU.ActiveCfg = Test|Any CPU
		{E769EAA1-54BC-4717-91B6-0CF36019D26A}.Test|Any CPU.Build.0 = Test|Any CPU
		{ABDF807A-F0F2-4A54-A43E-DAA4F2A059C3}.Debug|Any CPU.ActiveCfg = Debug|Any CPU
		{ABDF807A-F0F2-4A54-A43E-DAA4F2A059C3}.Debug|Any CPU.Build.0 = Debug|Any CPU
		{ABDF807A-F0F2-4A54-A43E-DAA4F2A059C3}.Debug|x64.ActiveCfg = Debug|Any CPU
		{ABDF807A-F0F2-4A54-A43E-DAA4F2A059C3}.Debug|x64.Build.0 = Debug|Any CPU
		{ABDF807A-F0F2-4A54-A43E-DAA4F2A059C3}.Release|Any CPU.ActiveCfg = Release|Any CPU
		{ABDF807A-F0F2-4A54-A43E-DAA4F2A059C3}.Release|Any CPU.Build.0 = Release|Any CPU
		{ABDF807A-F0F2-4A54-A43E-DAA4F2A059C3}.Release|x64.ActiveCfg = Release|Any CPU
		{ABDF807A-F0F2-4A54-A43E-DAA4F2A059C3}.Release|x64.Build.0 = Release|Any CPU
		{ABDF807A-F0F2-4A54-A43E-DAA4F2A059C3}.Test|Any CPU.ActiveCfg = Test|Any CPU
		{ABDF807A-F0F2-4A54-A43E-DAA4F2A059C3}.Test|Any CPU.Build.0 = Test|Any CPU
		{EA906A46-9A51-4D92-91B3-50DB338EDE38}.Debug|Any CPU.ActiveCfg = Debug|Any CPU
		{EA906A46-9A51-4D92-91B3-50DB338EDE38}.Debug|Any CPU.Build.0 = Debug|Any CPU
		{EA906A46-9A51-4D92-91B3-50DB338EDE38}.Debug|x64.ActiveCfg = Debug|Any CPU
		{EA906A46-9A51-4D92-91B3-50DB338EDE38}.Debug|x64.Build.0 = Debug|Any CPU
		{EA906A46-9A51-4D92-91B3-50DB338EDE38}.Release|Any CPU.ActiveCfg = Release|Any CPU
		{EA906A46-9A51-4D92-91B3-50DB338EDE38}.Release|Any CPU.Build.0 = Release|Any CPU
		{EA906A46-9A51-4D92-91B3-50DB338EDE38}.Release|x64.ActiveCfg = Release|Any CPU
		{EA906A46-9A51-4D92-91B3-50DB338EDE38}.Release|x64.Build.0 = Release|Any CPU
		{EA906A46-9A51-4D92-91B3-50DB338EDE38}.Test|Any CPU.ActiveCfg = Test|Any CPU
		{EA906A46-9A51-4D92-91B3-50DB338EDE38}.Test|Any CPU.Build.0 = Test|Any CPU
		{CC028670-9309-401B-B8F8-5C8F84894529}.Debug|Any CPU.ActiveCfg = Debug|Any CPU
		{CC028670-9309-401B-B8F8-5C8F84894529}.Debug|Any CPU.Build.0 = Debug|Any CPU
		{CC028670-9309-401B-B8F8-5C8F84894529}.Debug|x64.ActiveCfg = Debug|Any CPU
		{CC028670-9309-401B-B8F8-5C8F84894529}.Debug|x64.Build.0 = Debug|Any CPU
		{CC028670-9309-401B-B8F8-5C8F84894529}.Release|Any CPU.ActiveCfg = Release|Any CPU
		{CC028670-9309-401B-B8F8-5C8F84894529}.Release|Any CPU.Build.0 = Release|Any CPU
		{CC028670-9309-401B-B8F8-5C8F84894529}.Release|x64.ActiveCfg = Release|Any CPU
		{CC028670-9309-401B-B8F8-5C8F84894529}.Release|x64.Build.0 = Release|Any CPU
		{CC028670-9309-401B-B8F8-5C8F84894529}.Test|Any CPU.ActiveCfg = Test|Any CPU
		{CC028670-9309-401B-B8F8-5C8F84894529}.Test|Any CPU.Build.0 = Test|Any CPU
	EndGlobalSection
	GlobalSection(SolutionProperties) = preSolution
		HideSolutionNode = FALSE
	EndGlobalSection
	GlobalSection(NestedProjects) = preSolution
		{370CF2A7-3E4F-4314-BED9-043BF8555E2A} = {437BA763-466E-46D7-9AB9-E5AA3B697CA0}
		{EFC78A26-AA12-45DD-815C-1D1BA0BE912F} = {437BA763-466E-46D7-9AB9-E5AA3B697CA0}
		{9EBD979B-00EE-472B-9D7F-94E4E72C5202} = {437BA763-466E-46D7-9AB9-E5AA3B697CA0}
		{DC012469-986E-4953-9E95-BCCF7CD3745A} = {437BA763-466E-46D7-9AB9-E5AA3B697CA0}
		{1C144C3F-B32E-419C-B432-8050EF122401} = {C51C66C9-3784-4C06-BAC5-EEE4B6684B69}
		{6BA8DDF2-098D-449A-B818-B8E7E098775C} = {F9764AB9-8B67-4D1C-8CD8-CE87034B93CC}
		{E769EAA1-54BC-4717-91B6-0CF36019D26A} = {F9764AB9-8B67-4D1C-8CD8-CE87034B93CC}
		{ABDF807A-F0F2-4A54-A43E-DAA4F2A059C3} = {F9764AB9-8B67-4D1C-8CD8-CE87034B93CC}
	EndGlobalSection
	GlobalSection(ExtensibilityGlobals) = postSolution
		SolutionGuid = {6E73EDED-3BE9-4939-911D-3AAF11D77414}
	EndGlobalSection
EndGlobal
